// !$*UTF8*$!
{
	archiveVersion = 1;
	classes = {
	};
	objectVersion = 46;
	objects = {

/* Begin PBXBuildFile section */
		84C480081964E94800C63ED5 /* main.m in Sources */ = {isa = PBXBuildFile; fileRef = 84C480071964E94800C63ED5 /* main.m */; };
		84C4800B1964E94800C63ED5 /* AppDelegate.m in Sources */ = {isa = PBXBuildFile; fileRef = 84C4800A1964E94800C63ED5 /* AppDelegate.m */; };
		84C4800E1964E94800C63ED5 /* ViewController.m in Sources */ = {isa = PBXBuildFile; fileRef = 84C4800D1964E94800C63ED5 /* ViewController.m */; };
		84C480111964E94800C63ED5 /* Main.storyboard in Resources */ = {isa = PBXBuildFile; fileRef = 84C4800F1964E94800C63ED5 /* Main.storyboard */; };
		84C480131964E94800C63ED5 /* Images.xcassets in Resources */ = {isa = PBXBuildFile; fileRef = 84C480121964E94800C63ED5 /* Images.xcassets */; };
		84C4801F1964E94800C63ED5 /* AlcolatorTests.m in Sources */ = {isa = PBXBuildFile; fileRef = 84C4801E1964E94800C63ED5 /* AlcolatorTests.m */; };
/* End PBXBuildFile section */

/* Begin PBXContainerItemProxy section */
		84C480191964E94800C63ED5 /* PBXContainerItemProxy */ = {
			isa = PBXContainerItemProxy;
			containerPortal = 84C47FFA1964E94800C63ED5 /* Project object */;
			proxyType = 1;
			remoteGlobalIDString = 84C480011964E94800C63ED5;
			remoteInfo = Alcolator;
		};
/* End PBXContainerItemProxy section */

/* Begin PBXFileReference section */
		84C480021964E94800C63ED5 /* Alcolator.app */ = {isa = PBXFileReference; explicitFileType = wrapper.application; includeInIndex = 0; path = Alcolator.app; sourceTree = BUILT_PRODUCTS_DIR; };
		84C480061964E94800C63ED5 /* Info.plist */ = {isa = PBXFileReference; lastKnownFileType = text.plist.xml; path = Info.plist; sourceTree = "<group>"; };
		84C480071964E94800C63ED5 /* main.m */ = {isa = PBXFileReference; lastKnownFileType = sourcecode.c.objc; path = main.m; sourceTree = "<group>"; };
		84C480091964E94800C63ED5 /* AppDelegate.h */ = {isa = PBXFileReference; lastKnownFileType = sourcecode.c.h; path = AppDelegate.h; sourceTree = "<group>"; };
		84C4800A1964E94800C63ED5 /* AppDelegate.m */ = {isa = PBXFileReference; lastKnownFileType = sourcecode.c.objc; path = AppDelegate.m; sourceTree = "<group>"; };
		84C4800C1964E94800C63ED5 /* ViewController.h */ = {isa = PBXFileReference; lastKnownFileType = sourcecode.c.h; path = ViewController.h; sourceTree = "<group>"; };
		84C4800D1964E94800C63ED5 /* ViewController.m */ = {isa = PBXFileReference; lastKnownFileType = sourcecode.c.objc; path = ViewController.m; sourceTree = "<group>"; };
		84C480101964E94800C63ED5 /* Base */ = {isa = PBXFileReference; lastKnownFileType = file.storyboard; name = Base; path = Base.lproj/Main.storyboard; sourceTree = "<group>"; };
		84C480121964E94800C63ED5 /* Images.xcassets */ = {isa = PBXFileReference; lastKnownFileType = folder.assetcatalog; path = Images.xcassets; sourceTree = "<group>"; };
		84C480181964E94800C63ED5 /* AlcolatorTests.xctest */ = {isa = PBXFileReference; explicitFileType = wrapper.cfbundle; includeInIndex = 0; path = AlcolatorTests.xctest; sourceTree = BUILT_PRODUCTS_DIR; };
		84C4801D1964E94800C63ED5 /* Info.plist */ = {isa = PBXFileReference; lastKnownFileType = text.plist.xml; path = Info.plist; sourceTree = "<group>"; };
		84C4801E1964E94800C63ED5 /* AlcolatorTests.m */ = {isa = PBXFileReference; lastKnownFileType = sourcecode.c.objc; path = AlcolatorTests.m; sourceTree = "<group>"; };
/* End PBXFileReference section */

/* Begin PBXFrameworksBuildPhase section */
		84C47FFF1964E94800C63ED5 /* Frameworks */ = {
			isa = PBXFrameworksBuildPhase;
			buildActionMask = 2147483647;
			files = (
			);
			runOnlyForDeploymentPostprocessing = 0;
		};
		84C480151964E94800C63ED5 /* Frameworks */ = {
			isa = PBXFrameworksBuildPhase;
			buildActionMask = 2147483647;
			files = (
			);
			runOnlyForDeploymentPostprocessing = 0;
		};
/* End PBXFrameworksBuildPhase section */

/* Begin PBXGroup section */
		84C47FF91964E94800C63ED5 = {
			isa = PBXGroup;
			children = (
				84C480041964E94800C63ED5 /* Alcolator */,
				84C4801B1964E94800C63ED5 /* AlcolatorTests */,
				84C480031964E94800C63ED5 /* Products */,
			);
			sourceTree = "<group>";
		};
		84C480031964E94800C63ED5 /* Products */ = {
			isa = PBXGroup;
			children = (
				84C480021964E94800C63ED5 /* Alcolator.app */,
				84C480181964E94800C63ED5 /* AlcolatorTests.xctest */,
			);
			name = Products;
			sourceTree = "<group>";
		};
		84C480041964E94800C63ED5 /* Alcolator */ = {
			isa = PBXGroup;
			children = (
				84C480091964E94800C63ED5 /* AppDelegate.h */,
				84C4800A1964E94800C63ED5 /* AppDelegate.m */,
				84C4800C1964E94800C63ED5 /* ViewController.h */,
				84C4800D1964E94800C63ED5 /* ViewController.m */,
				84C4800F1964E94800C63ED5 /* Main.storyboard */,
				84C480121964E94800C63ED5 /* Images.xcassets */,
				84C480051964E94800C63ED5 /* Supporting Files */,
			);
			path = Alcolator;
			sourceTree = "<group>";
		};
		84C480051964E94800C63ED5 /* Supporting Files */ = {
			isa = PBXGroup;
			children = (
				84C480061964E94800C63ED5 /* Info.plist */,
				84C480071964E94800C63ED5 /* main.m */,
			);
			name = "Supporting Files";
			sourceTree = "<group>";
		};
		84C4801B1964E94800C63ED5 /* AlcolatorTests */ = {
			isa = PBXGroup;
			children = (
				84C4801E1964E94800C63ED5 /* AlcolatorTests.m */,
				84C4801C1964E94800C63ED5 /* Supporting Files */,
			);
			path = AlcolatorTests;
			sourceTree = "<group>";
		};
		84C4801C1964E94800C63ED5 /* Supporting Files */ = {
			isa = PBXGroup;
			children = (
				84C4801D1964E94800C63ED5 /* Info.plist */,
			);
			name = "Supporting Files";
			sourceTree = "<group>";
		};
/* End PBXGroup section */

/* Begin PBXNativeTarget section */
		84C480011964E94800C63ED5 /* Alcolator */ = {
			isa = PBXNativeTarget;
			buildConfigurationList = 84C480221964E94800C63ED5 /* Build configuration list for PBXNativeTarget "Alcolator" */;
			buildPhases = (
				84C47FFE1964E94800C63ED5 /* Sources */,
				84C47FFF1964E94800C63ED5 /* Frameworks */,
				84C480001964E94800C63ED5 /* Resources */,
			);
			buildRules = (
			);
			dependencies = (
			);
			name = Alcolator;
			productName = Alcolator;
			productReference = 84C480021964E94800C63ED5 /* Alcolator.app */;
			productType = "com.apple.product-type.application";
		};
		84C480171964E94800C63ED5 /* AlcolatorTests */ = {
			isa = PBXNativeTarget;
			buildConfigurationList = 84C480251964E94800C63ED5 /* Build configuration list for PBXNativeTarget "AlcolatorTests" */;
			buildPhases = (
				84C480141964E94800C63ED5 /* Sources */,
				84C480151964E94800C63ED5 /* Frameworks */,
				84C480161964E94800C63ED5 /* Resources */,
			);
			buildRules = (
			);
			dependencies = (
				84C4801A1964E94800C63ED5 /* PBXTargetDependency */,
			);
			name = AlcolatorTests;
			productName = AlcolatorTests;
			productReference = 84C480181964E94800C63ED5 /* AlcolatorTests.xctest */;
			productType = "com.apple.product-type.bundle.unit-test";
		};
/* End PBXNativeTarget section */

/* Begin PBXProject section */
		84C47FFA1964E94800C63ED5 /* Project object */ = {
			isa = PBXProject;
			attributes = {
				LastUpgradeCheck = 0600;
				ORGANIZATIONNAME = "Jordan Hudgens";
				TargetAttributes = {
					84C480011964E94800C63ED5 = {
						CreatedOnToolsVersion = 6.0;
					};
					84C480171964E94800C63ED5 = {
						CreatedOnToolsVersion = 6.0;
						TestTargetID = 84C480011964E94800C63ED5;
					};
				};
			};
			buildConfigurationList = 84C47FFD1964E94800C63ED5 /* Build configuration list for PBXProject "Alcolator" */;
			compatibilityVersion = "Xcode 3.2";
			developmentRegion = English;
			hasScannedForEncodings = 0;
			knownRegions = (
				en,
				Base,
			);
			mainGroup = 84C47FF91964E94800C63ED5;
			productRefGroup = 84C480031964E94800C63ED5 /* Products */;
			projectDirPath = "";
			projectRoot = "";
			targets = (
				84C480011964E94800C63ED5 /* Alcolator */,
				84C480171964E94800C63ED5 /* AlcolatorTests */,
			);
		};
/* End PBXProject section */

/* Begin PBXResourcesBuildPhase section */
		84C480001964E94800C63ED5 /* Resources */ = {
			isa = PBXResourcesBuildPhase;
			buildActionMask = 2147483647;
			files = (
				84C480111964E94800C63ED5 /* Main.storyboard in Resources */,
				84C480131964E94800C63ED5 /* Images.xcassets in Resources */,
			);
			runOnlyForDeploymentPostprocessing = 0;
		};
		84C480161964E94800C63ED5 /* Resources */ = {
			isa = PBXResourcesBuildPhase;
			buildActionMask = 2147483647;
			files = (
			);
			runOnlyForDeploymentPostprocessing = 0;
		};
/* End PBXResourcesBuildPhase section */

/* Begin PBXSourcesBuildPhase section */
		84C47FFE1964E94800C63ED5 /* Sources */ = {
			isa = PBXSourcesBuildPhase;
			buildActionMask = 2147483647;
			files = (
				84C4800E1964E94800C63ED5 /* ViewController.m in Sources */,
				84C4800B1964E94800C63ED5 /* AppDelegate.m in Sources */,
				84C480081964E94800C63ED5 /* main.m in Sources */,
			);
			runOnlyForDeploymentPostprocessing = 0;
		};
		84C480141964E94800C63ED5 /* Sources */ = {
			isa = PBXSourcesBuildPhase;
			buildActionMask = 2147483647;
			files = (
				84C4801F1964E94800C63ED5 /* AlcolatorTests.m in Sources */,
			);
			runOnlyForDeploymentPostprocessing = 0;
		};
/* End PBXSourcesBuildPhase section */

/* Begin PBXTargetDependency section */
		84C4801A1964E94800C63ED5 /* PBXTargetDependency */ = {
			isa = PBXTargetDependency;
			target = 84C480011964E94800C63ED5 /* Alcolator */;
			targetProxy = 84C480191964E94800C63ED5 /* PBXContainerItemProxy */;
		};
/* End PBXTargetDependency section */

/* Begin PBXVariantGroup section */
		84C4800F1964E94800C63ED5 /* Main.storyboard */ = {
			isa = PBXVariantGroup;
			children = (
				84C480101964E94800C63ED5 /* Base */,
			);
			name = Main.storyboard;
			sourceTree = "<group>";
		};
/* End PBXVariantGroup section */

/* Begin XCBuildConfiguration section */
		84C480201964E94800C63ED5 /* Debug */ = {
			isa = XCBuildConfiguration;
			buildSettings = {
				ALWAYS_SEARCH_USER_PATHS = NO;
				CLANG_CXX_LANGUAGE_STANDARD = "gnu++0x";
				CLANG_CXX_LIBRARY = "libc++";
				CLANG_ENABLE_MODULES = YES;
				CLANG_ENABLE_OBJC_ARC = YES;
				CLANG_WARN_BOOL_CONVERSION = YES;
				CLANG_WARN_CONSTANT_CONVERSION = YES;
				CLANG_WARN_DIRECT_OBJC_ISA_USAGE = YES_ERROR;
				CLANG_WARN_EMPTY_BODY = YES;
				CLANG_WARN_ENUM_CONVERSION = YES;
				CLANG_WARN_INT_CONVERSION = YES;
				CLANG_WARN_OBJC_ROOT_CLASS = YES_ERROR;
				CLANG_WARN_UNREACHABLE_CODE = YES;
				CLANG_WARN__DUPLICATE_METHOD_MATCH = YES;
				"CODE_SIGN_IDENTITY[sdk=iphoneos*]" = "iPhone Developer";
				COPY_PHASE_STRIP = NO;
				ENABLE_STRICT_OBJC_MSGSEND = YES;
				GCC_C_LANGUAGE_STANDARD = gnu99;
				GCC_DYNAMIC_NO_PIC = NO;
				GCC_OPTIMIZATION_LEVEL = 0;
				GCC_PREPROCESSOR_DEFINITIONS = (
					"DEBUG=1",
					"$(inherited)",
				);
				GCC_SYMBOLS_PRIVATE_EXTERN = NO;
				GCC_WARN_64_TO_32_BIT_CONVERSION = YES;
				GCC_WARN_ABOUT_RETURN_TYPE = YES_ERROR;
				GCC_WARN_UNDECLARED_SELECTOR = YES;
				GCC_WARN_UNINITIALIZED_AUTOS = YES_AGGRESSIVE;
				GCC_WARN_UNUSED_FUNCTION = YES;
				GCC_WARN_UNUSED_VARIABLE = YES;
				IPHONEOS_DEPLOYMENT_TARGET = 8.0;
				METAL_ENABLE_DEBUG_INFO = YES;
				ONLY_ACTIVE_ARCH = YES;
				SDKROOT = iphoneos;
			};
			name = Debug;
		};
		84C480211964E94800C63ED5 /* Release */ = {
			isa = XCBuildConfiguration;
			buildSettings = {
				ALWAYS_SEARCH_USER_PATHS = NO;
				CLANG_CXX_LANGUAGE_STANDARD = "gnu++0x";
				CLANG_CXX_LIBRARY = "libc++";
				CLANG_ENABLE_MODULES = YES;
				CLANG_ENABLE_OBJC_ARC = YES;
				CLANG_WARN_BOOL_CONVERSION = YES;
				CLANG_WARN_CONSTANT_CONVERSION = YES;
				CLANG_WARN_DIRECT_OBJC_ISA_USAGE = YES_ERROR;
				CLANG_WARN_EMPTY_BODY = YES;
				CLANG_WARN_ENUM_CONVERSION = YES;
				CLANG_WARN_INT_CONVERSION = YES;
				CLANG_WARN_OBJC_ROOT_CLASS = YES_ERROR;
				CLANG_WARN_UNREACHABLE_CODE = YES;
				CLANG_WARN__DUPLICATE_METHOD_MATCH = YES;
				"CODE_SIGN_IDENTITY[sdk=iphoneos*]" = "iPhone Developer";
				COPY_PHASE_STRIP = YES;
				ENABLE_NS_ASSERTIONS = NO;
				ENABLE_STRICT_OBJC_MSGSEND = YES;
				GCC_C_LANGUAGE_STANDARD = gnu99;
				GCC_WARN_64_TO_32_BIT_CONVERSION = YES;
				GCC_WARN_ABOUT_RETURN_TYPE = YES_ERROR;
				GCC_WARN_UNDECLARED_SELECTOR = YES;
				GCC_WARN_UNINITIALIZED_AUTOS = YES_AGGRESSIVE;
				GCC_WARN_UNUSED_FUNCTION = YES;
				GCC_WARN_UNUSED_VARIABLE = YES;
				IPHONEOS_DEPLOYMENT_TARGET = 8.0;
				METAL_ENABLE_DEBUG_INFO = NO;
				SDKROOT = iphoneos;
				VALIDATE_PRODUCT = YES;
			};
			name = Release;
		};
		84C480231964E94800C63ED5 /* Debug */ = {
			isa = XCBuildConfiguration;
			buildSettings = {
				ASSETCATALOG_COMPILER_APPICON_NAME = AppIcon;
				ASSETCATALOG_COMPILER_LAUNCHIMAGE_NAME = LaunchImage;
				INFOPLIST_FILE = Alcolator/Info.plist;
				LD_RUNPATH_SEARCH_PATHS = "$(inherited) @executable_path/Frameworks";
				PRODUCT_NAME = "$(TARGET_NAME)";
			};
			name = Debug;
		};
		84C480241964E94800C63ED5 /* Release */ = {
			isa = XCBuildConfiguration;
			buildSettings = {
				ASSETCATALOG_COMPILER_APPICON_NAME = AppIcon;
				ASSETCATALOG_COMPILER_LAUNCHIMAGE_NAME = LaunchImage;
				INFOPLIST_FILE = Alcolator/Info.plist;
				LD_RUNPATH_SEARCH_PATHS = "$(inherited) @executable_path/Frameworks";
				PRODUCT_NAME = "$(TARGET_NAME)";
			};
			name = Release;
		};
		84C480261964E94800C63ED5 /* Debug */ = {
			isa = XCBuildConfiguration;
			buildSettings = {
				BUNDLE_LOADER = "$(BUILT_PRODUCTS_DIR)/Alcolator.app/Alcolator";
				FRAMEWORK_SEARCH_PATHS = (
					"$(SDKROOT)/Developer/Library/Frameworks",
					"$(inherited)",
				);
				GCC_PREPROCESSOR_DEFINITIONS = (
					"DEBUG=1",
					"$(inherited)",
				);
				INFOPLIST_FILE = AlcolatorTests/Info.plist;
				LD_RUNPATH_SEARCH_PATHS = "$(inherited) @executable_path/Frameworks @loader_path/Frameworks";
				METAL_ENABLE_DEBUG_INFO = YES;
				PRODUCT_NAME = "$(TARGET_NAME)";
				TEST_HOST = "$(BUNDLE_LOADER)";
			};
			name = Debug;
		};
		84C480271964E94800C63ED5 /* Release */ = {
			isa = XCBuildConfiguration;
			buildSettings = {
				BUNDLE_LOADER = "$(BUILT_PRODUCTS_DIR)/Alcolator.app/Alcolator";
				FRAMEWORK_SEARCH_PATHS = (
					"$(SDKROOT)/Developer/Library/Frameworks",
					"$(inherited)",
				);
				INFOPLIST_FILE = AlcolatorTests/Info.plist;
				LD_RUNPATH_SEARCH_PATHS = "$(inherited) @executable_path/Frameworks @loader_path/Frameworks";
				METAL_ENABLE_DEBUG_INFO = NO;
				PRODUCT_NAME = "$(TARGET_NAME)";
				TEST_HOST = "$(BUNDLE_LOADER)";
			};
			name = Release;
		};
/* End XCBuildConfiguration section */

/* Begin XCConfigurationList section */
		84C47FFD1964E94800C63ED5 /* Build configuration list for PBXProject "Alcolator" */ = {
			isa = XCConfigurationList;
			buildConfigurations = (
				84C480201964E94800C63ED5 /* Debug */,
				84C480211964E94800C63ED5 /* Release */,
			);
			defaultConfigurationIsVisible = 0;
			defaultConfigurationName = Release;
		};
		84C480221964E94800C63ED5 /* Build configuration list for PBXNativeTarget "Alcolator" */ = {
			isa = XCConfigurationList;
			buildConfigurations = (
				84C480231964E94800C63ED5 /* Debug */,
				84C480241964E94800C63ED5 /* Release */,
			);
			defaultConfigurationIsVisible = 0;
		};
		84C480251964E94800C63ED5 /* Build configuration list for PBXNativeTarget "AlcolatorTests" */ = {
			isa = XCConfigurationList;
			buildConfigurations = (
				84C480261964E94800C63ED5 /* Debug */,
				84C480271964E94800C63ED5 /* Release */,
			);
			defaultConfigurationIsVisible = 0;
		};
/* End XCConfigurationList section */
	};
	rootObject = 84C47FFA1964E94800C63ED5 /* Project object */;
}
